
Microsoft Visual Studio Solution File, Format Version 12.00
# Visual Studio Version 16
VisualStudioVersion = 16.0.30711.63
MinimumVisualStudioVersion = 10.0.40219.1
Project("{FAE04EC0-301F-11D3-BF4B-00C04F79EFBC}") = "HW_Task2", "HW_Task2\HW_Task2.csproj", "{F4F78217-8E90-4ED0-BF83-CFCEC4A14232}"
EndProject
Global
	GlobalSection(SolutionConfigurationPlatforms) = preSolution
		Debug|Any CPU = Debug|Any CPU
		Release|Any CPU = Release|Any CPU
	EndGlobalSection
	GlobalSection(ProjectConfigurationPlatforms) = postSolution
		{F4F78217-8E90-4ED0-BF83-CFCEC4A14232}.Debug|Any CPU.ActiveCfg = Debug|Any CPU
		{F4F78217-8E90-4ED0-BF83-CFCEC4A14232}.Debug|Any CPU.Build.0 = Debug|Any CPU
		{F4F78217-8E90-4ED0-BF83-CFCEC4A14232}.Release|Any CPU.ActiveCfg = Release|Any CPU
		{F4F78217-8E90-4ED0-BF83-CFCEC4A14232}.Release|Any CPU.Build.0 = Release|Any CPU
	EndGlobalSection
	GlobalSection(SolutionProperties) = preSolution
		HideSolutionNode = FALSE
	EndGlobalSection
	GlobalSection(ExtensibilityGlobals) = postSolution
		SolutionGuid = {893FDD27-F175-4BBB-9B2D-C2755933F7A0}
	EndGlobalSection
EndGlobal
